{
  "name": "sophos-grid_sequences",
  "version": "0.0.1",
  "lockfileVersion": 2,
  "requires": true,
  "packages": {
    "": {
      "name": "sophos-grid_sequences",
      "version": "0.0.1",
      "license": "MIT",
      "dependencies": {
        "permutationsjs": "^0.1.5"
      }
    },
    "node_modules/permutationsjs": {
      "version": "0.1.5",
      "resolved": "https://registry.npmjs.org/permutationsjs/-/permutationsjs-0.1.5.tgz",
      "integrity": "sha512-YFir+opivRVNyx7UByHzbSHbY4WzVcVZZf932hWBrJzYzo+q+4DHF0GUYsHoWH+yd5t668dsel/ot3veMQSXjQ=="
    }
  },
  "dependencies": {
    "permutationsjs": {
      "version": "0.1.5",
      "resolved": "https://registry.npmjs.org/permutationsjs/-/permutationsjs-0.1.5.tgz",
      "integrity": "sha512-YFir+opivRVNyx7UByHzbSHbY4WzVcVZZf932hWBrJzYzo+q+4DHF0GUYsHoWH+yd5t668dsel/ot3veMQSXjQ=="
    }
  }
}
